
Microsoft Visual Studio Solution File, Format Version 12.00
# Visual Studio Version 17
VisualStudioVersion = 17.0.31919.166
MinimumVisualStudioVersion = 10.0.40219.1
Project("{9A19103F-16F7-4668-BE54-9A1E7A4F7556}") = "Marvin.Polly.Cache.HttpCache", "Marvin.Polly.Cache.HttpCache\Marvin.Polly.Cache.HttpCache.csproj", "{F02FD6A5-6C14-4CA8-98A7-A22870967B34}"
EndProject
Project("{2150E333-8FDC-42A3-9474-1A3956D46DE8}") = "02 - Client", "02 - Client", "{E7CFC550-BB23-4584-A6F1-2517B6767A45}"
EndProject
Project("{2150E333-8FDC-42A3-9474-1A3956D46DE8}") = "03 - Server", "03 - Server", "{F0676091-BE2D-4156-8AE9-686CAD07E961}"
EndProject
Project("{2150E333-8FDC-42A3-9474-1A3956D46DE8}") = "01 - Library", "01 - Library", "{667D8328-11F8-404C-87A6-5903CD4626CA}"
EndProject
Project("{FAE04EC0-301F-11D3-BF4B-00C04F79EFBC}") = "Marvin.Polly.Cache.HttpCache.Api", "Marvin.Polly.Cache.HttpCache.Api\Marvin.Polly.Cache.HttpCache.Api.csproj", "{1879A1A1-B30B-49F1-BD7C-0DC49525D1C3}"
EndProject
Project("{FAE04EC0-301F-11D3-BF4B-00C04F79EFBC}") = "Marvin.Polly.Cache.HttpCache.Client", "Marvin.Polly.Cache.HttpCache.Client\Marvin.Polly.Cache.HttpCache.Client.csproj", "{226F27CE-469B-4A22-A9AA-0CD163C25CE3}"
EndProject
Global
	GlobalSection(SolutionConfigurationPlatforms) = preSolution
		Debug|Any CPU = Debug|Any CPU
		Release|Any CPU = Release|Any CPU
	EndGlobalSection
	GlobalSection(ProjectConfigurationPlatforms) = postSolution
		{F02FD6A5-6C14-4CA8-98A7-A22870967B34}.Debug|Any CPU.ActiveCfg = Debug|Any CPU
		{F02FD6A5-6C14-4CA8-98A7-A22870967B34}.Debug|Any CPU.Build.0 = Debug|Any CPU
		{F02FD6A5-6C14-4CA8-98A7-A22870967B34}.Release|Any CPU.ActiveCfg = Release|Any CPU
		{F02FD6A5-6C14-4CA8-98A7-A22870967B34}.Release|Any CPU.Build.0 = Release|Any CPU
		{1879A1A1-B30B-49F1-BD7C-0DC49525D1C3}.Debug|Any CPU.ActiveCfg = Debug|Any CPU
		{1879A1A1-B30B-49F1-BD7C-0DC49525D1C3}.Debug|Any CPU.Build.0 = Debug|Any CPU
		{1879A1A1-B30B-49F1-BD7C-0DC49525D1C3}.Release|Any CPU.ActiveCfg = Release|Any CPU
		{1879A1A1-B30B-49F1-BD7C-0DC49525D1C3}.Release|Any CPU.Build.0 = Release|Any CPU
		{226F27CE-469B-4A22-A9AA-0CD163C25CE3}.Debug|Any CPU.ActiveCfg = Debug|Any CPU
		{226F27CE-469B-4A22-A9AA-0CD163C25CE3}.Debug|Any CPU.Build.0 = Debug|Any CPU
		{226F27CE-469B-4A22-A9AA-0CD163C25CE3}.Release|Any CPU.ActiveCfg = Release|Any CPU
		{226F27CE-469B-4A22-A9AA-0CD163C25CE3}.Release|Any CPU.Build.0 = Release|Any CPU
	EndGlobalSection
	GlobalSection(SolutionProperties) = preSolution
		HideSolutionNode = FALSE
	EndGlobalSection
	GlobalSection(NestedProjects) = preSolution
		{F02FD6A5-6C14-4CA8-98A7-A22870967B34} = {667D8328-11F8-404C-87A6-5903CD4626CA}
		{1879A1A1-B30B-49F1-BD7C-0DC49525D1C3} = {F0676091-BE2D-4156-8AE9-686CAD07E961}
		{226F27CE-469B-4A22-A9AA-0CD163C25CE3} = {E7CFC550-BB23-4584-A6F1-2517B6767A45}
	EndGlobalSection
	GlobalSection(ExtensibilityGlobals) = postSolution
		SolutionGuid = {3A2A5760-4BC0-4FA2-95EE-5C37CEB9CB41}
	EndGlobalSection
EndGlobal
